// !$*UTF8*$!
{
	archiveVersion = 1;
	classes = {
	};
	objectVersion = 50;
	objects = {

/* Begin PBXBuildFile section */
		848193F4213DAD1C006CD23D /* RestaurantDetailViewController.swift in Sources */ = {isa = PBXBuildFile; fileRef = 848193F3213DAD1C006CD23D /* RestaurantDetailViewController.swift */; };
		848193F62145AE22006CD23D /* Restaurant.swift in Sources */ = {isa = PBXBuildFile; fileRef = 848193F52145AE22006CD23D /* Restaurant.swift */; };
		848193F82145AF2B006CD23D /* RestaurantFactory.swift in Sources */ = {isa = PBXBuildFile; fileRef = 848193F72145AF2B006CD23D /* RestaurantFactory.swift */; };
		84B873D6213770F30085168D /* AppDelegate.swift in Sources */ = {isa = PBXBuildFile; fileRef = 84B873D5213770F30085168D /* AppDelegate.swift */; };
		84B873DB213770F30085168D /* Main.storyboard in Resources */ = {isa = PBXBuildFile; fileRef = 84B873D9213770F30085168D /* Main.storyboard */; };
		84B873DD213770F50085168D /* Assets.xcassets in Resources */ = {isa = PBXBuildFile; fileRef = 84B873DC213770F50085168D /* Assets.xcassets */; };
		84B873E0213770F50085168D /* LaunchScreen.storyboard in Resources */ = {isa = PBXBuildFile; fileRef = 84B873DE213770F50085168D /* LaunchScreen.storyboard */; };
		84B873EB213770F50085168D /* FoodPinTests.swift in Sources */ = {isa = PBXBuildFile; fileRef = 84B873EA213770F50085168D /* FoodPinTests.swift */; };
		84B873F6213770F50085168D /* FoodPinUITests.swift in Sources */ = {isa = PBXBuildFile; fileRef = 84B873F5213770F50085168D /* FoodPinUITests.swift */; };
		84B87404213772340085168D /* RestaurantTableViewController.swift in Sources */ = {isa = PBXBuildFile; fileRef = 84B87403213772340085168D /* RestaurantTableViewController.swift */; };
		84B87406213783D60085168D /* RestaurantTableViewCell.swift in Sources */ = {isa = PBXBuildFile; fileRef = 84B87405213783D60085168D /* RestaurantTableViewCell.swift */; };
/* End PBXBuildFile section */

/* Begin PBXContainerItemProxy section */
		84B873E7213770F50085168D /* PBXContainerItemProxy */ = {
			isa = PBXContainerItemProxy;
			containerPortal = 84B873CA213770F30085168D /* Project object */;
			proxyType = 1;
			remoteGlobalIDString = 84B873D1213770F30085168D;
			remoteInfo = FoodPin;
		};
		84B873F2213770F50085168D /* PBXContainerItemProxy */ = {
			isa = PBXContainerItemProxy;
			containerPortal = 84B873CA213770F30085168D /* Project object */;
			proxyType = 1;
			remoteGlobalIDString = 84B873D1213770F30085168D;
			remoteInfo = FoodPin;
		};
/* End PBXContainerItemProxy section */

/* Begin PBXFileReference section */
		848193F3213DAD1C006CD23D /* RestaurantDetailViewController.swift */ = {isa = PBXFileReference; lastKnownFileType = sourcecode.swift; path = RestaurantDetailViewController.swift; sourceTree = "<group>"; };
		848193F52145AE22006CD23D /* Restaurant.swift */ = {isa = PBXFileReference; lastKnownFileType = sourcecode.swift; path = Restaurant.swift; sourceTree = "<group>"; };
		848193F72145AF2B006CD23D /* RestaurantFactory.swift */ = {isa = PBXFileReference; lastKnownFileType = sourcecode.swift; path = RestaurantFactory.swift; sourceTree = "<group>"; };
		84B873D2213770F30085168D /* FoodPin.app */ = {isa = PBXFileReference; explicitFileType = wrapper.application; includeInIndex = 0; path = FoodPin.app; sourceTree = BUILT_PRODUCTS_DIR; };
		84B873D5213770F30085168D /* AppDelegate.swift */ = {isa = PBXFileReference; lastKnownFileType = sourcecode.swift; path = AppDelegate.swift; sourceTree = "<group>"; };
		84B873DA213770F30085168D /* Base */ = {isa = PBXFileReference; lastKnownFileType = file.storyboard; name = Base; path = Base.lproj/Main.storyboard; sourceTree = "<group>"; };
		84B873DC213770F50085168D /* Assets.xcassets */ = {isa = PBXFileReference; lastKnownFileType = folder.assetcatalog; path = Assets.xcassets; sourceTree = "<group>"; };
		84B873DF213770F50085168D /* Base */ = {isa = PBXFileReference; lastKnownFileType = file.storyboard; name = Base; path = Base.lproj/LaunchScreen.storyboard; sourceTree = "<group>"; };
		84B873E1213770F50085168D /* Info.plist */ = {isa = PBXFileReference; lastKnownFileType = text.plist.xml; path = Info.plist; sourceTree = "<group>"; };
		84B873E6213770F50085168D /* FoodPinTests.xctest */ = {isa = PBXFileReference; explicitFileType = wrapper.cfbundle; includeInIndex = 0; path = FoodPinTests.xctest; sourceTree = BUILT_PRODUCTS_DIR; };
		84B873EA213770F50085168D /* FoodPinTests.swift */ = {isa = PBXFileReference; lastKnownFileType = sourcecode.swift; path = FoodPinTests.swift; sourceTree = "<group>"; };
		84B873EC213770F50085168D /* Info.plist */ = {isa = PBXFileReference; lastKnownFileType = text.plist.xml; path = Info.plist; sourceTree = "<group>"; };
		84B873F1213770F50085168D /* FoodPinUITests.xctest */ = {isa = PBXFileReference; explicitFileType = wrapper.cfbundle; includeInIndex = 0; path = FoodPinUITests.xctest; sourceTree = BUILT_PRODUCTS_DIR; };
		84B873F5213770F50085168D /* FoodPinUITests.swift */ = {isa = PBXFileReference; lastKnownFileType = sourcecode.swift; path = FoodPinUITests.swift; sourceTree = "<group>"; };
		84B873F7213770F50085168D /* Info.plist */ = {isa = PBXFileReference; lastKnownFileType = text.plist.xml; path = Info.plist; sourceTree = "<group>"; };
		84B87403213772340085168D /* RestaurantTableViewController.swift */ = {isa = PBXFileReference; lastKnownFileType = sourcecode.swift; path = RestaurantTableViewController.swift; sourceTree = "<group>"; };
		84B87405213783D60085168D /* RestaurantTableViewCell.swift */ = {isa = PBXFileReference; lastKnownFileType = sourcecode.swift; path = RestaurantTableViewCell.swift; sourceTree = "<group>"; };
/* End PBXFileReference section */

/* Begin PBXFrameworksBuildPhase section */
		84B873CF213770F30085168D /* Frameworks */ = {
			isa = PBXFrameworksBuildPhase;
			buildActionMask = 2147483647;
			files = (
			);
			runOnlyForDeploymentPostprocessing = 0;
		};
		84B873E3213770F50085168D /* Frameworks */ = {
			isa = PBXFrameworksBuildPhase;
			buildActionMask = 2147483647;
			files = (
			);
			runOnlyForDeploymentPostprocessing = 0;
		};
		84B873EE213770F50085168D /* Frameworks */ = {
			isa = PBXFrameworksBuildPhase;
			buildActionMask = 2147483647;
			files = (
			);
			runOnlyForDeploymentPostprocessing = 0;
		};
/* End PBXFrameworksBuildPhase section */

/* Begin PBXGroup section */
		84B873C9213770F30085168D = {
			isa = PBXGroup;
			children = (
				84B873D4213770F30085168D /* FoodPin */,
				84B873E9213770F50085168D /* FoodPinTests */,
				84B873F4213770F50085168D /* FoodPinUITests */,
				84B873D3213770F30085168D /* Products */,
			);
			sourceTree = "<group>";
		};
		84B873D3213770F30085168D /* Products */ = {
			isa = PBXGroup;
			children = (
				84B873D2213770F30085168D /* FoodPin.app */,
				84B873E6213770F50085168D /* FoodPinTests.xctest */,
				84B873F1213770F50085168D /* FoodPinUITests.xctest */,
			);
			name = Products;
			sourceTree = "<group>";
		};
		84B873D4213770F30085168D /* FoodPin */ = {
			isa = PBXGroup;
			children = (
				84B873D5213770F30085168D /* AppDelegate.swift */,
				84B873D9213770F30085168D /* Main.storyboard */,
				84B873DC213770F50085168D /* Assets.xcassets */,
				84B873DE213770F50085168D /* LaunchScreen.storyboard */,
				84B873E1213770F50085168D /* Info.plist */,
				84B87403213772340085168D /* RestaurantTableViewController.swift */,
				84B87405213783D60085168D /* RestaurantTableViewCell.swift */,
				848193F3213DAD1C006CD23D /* RestaurantDetailViewController.swift */,
				848193F52145AE22006CD23D /* Restaurant.swift */,
				848193F72145AF2B006CD23D /* RestaurantFactory.swift */,
			);
			path = FoodPin;
			sourceTree = "<group>";
		};
		84B873E9213770F50085168D /* FoodPinTests */ = {
			isa = PBXGroup;
			children = (
				84B873EA213770F50085168D /* FoodPinTests.swift */,
				84B873EC213770F50085168D /* Info.plist */,
			);
			path = FoodPinTests;
			sourceTree = "<group>";
		};
		84B873F4213770F50085168D /* FoodPinUITests */ = {
			isa = PBXGroup;
			children = (
				84B873F5213770F50085168D /* FoodPinUITests.swift */,
				84B873F7213770F50085168D /* Info.plist */,
			);
			path = FoodPinUITests;
			sourceTree = "<group>";
		};
/* End PBXGroup section */

/* Begin PBXNativeTarget section */
		84B873D1213770F30085168D /* FoodPin */ = {
			isa = PBXNativeTarget;
			buildConfigurationList = 84B873FA213770F50085168D /* Build configuration list for PBXNativeTarget "FoodPin" */;
			buildPhases = (
				84B873CE213770F30085168D /* Sources */,
				84B873CF213770F30085168D /* Frameworks */,
				84B873D0213770F30085168D /* Resources */,
			);
			buildRules = (
			);
			dependencies = (
			);
			name = FoodPin;
			productName = FoodPin;
			productReference = 84B873D2213770F30085168D /* FoodPin.app */;
			productType = "com.apple.product-type.application";
		};
		84B873E5213770F50085168D /* FoodPinTests */ = {
			isa = PBXNativeTarget;
			buildConfigurationList = 84B873FD213770F50085168D /* Build configuration list for PBXNativeTarget "FoodPinTests" */;
			buildPhases = (
				84B873E2213770F50085168D /* Sources */,
				84B873E3213770F50085168D /* Frameworks */,
				84B873E4213770F50085168D /* Resources */,
			);
			buildRules = (
			);
			dependencies = (
				84B873E8213770F50085168D /* PBXTargetDependency */,
			);
			name = FoodPinTests;
			productName = FoodPinTests;
			productReference = 84B873E6213770F50085168D /* FoodPinTests.xctest */;
			productType = "com.apple.product-type.bundle.unit-test";
		};
		84B873F0213770F50085168D /* FoodPinUITests */ = {
			isa = PBXNativeTarget;
			buildConfigurationList = 84B87400213770F50085168D /* Build configuration list for PBXNativeTarget "FoodPinUITests" */;
			buildPhases = (
				84B873ED213770F50085168D /* Sources */,
				84B873EE213770F50085168D /* Frameworks */,
				84B873EF213770F50085168D /* Resources */,
			);
			buildRules = (
			);
			dependencies = (
				84B873F3213770F50085168D /* PBXTargetDependency */,
			);
			name = FoodPinUITests;
			productName = FoodPinUITests;
			productReference = 84B873F1213770F50085168D /* FoodPinUITests.xctest */;
			productType = "com.apple.product-type.bundle.ui-testing";
		};
/* End PBXNativeTarget section */

/* Begin PBXProject section */
		84B873CA213770F30085168D /* Project object */ = {
			isa = PBXProject;
			attributes = {
				LastSwiftUpdateCheck = 0940;
				LastUpgradeCheck = 0940;
				ORGANIZATIONNAME = rc6886;
				TargetAttributes = {
					84B873D1213770F30085168D = {
						CreatedOnToolsVersion = 9.4.1;
					};
					84B873E5213770F50085168D = {
						CreatedOnToolsVersion = 9.4.1;
						TestTargetID = 84B873D1213770F30085168D;
					};
					84B873F0213770F50085168D = {
						CreatedOnToolsVersion = 9.4.1;
						TestTargetID = 84B873D1213770F30085168D;
					};
				};
			};
			buildConfigurationList = 84B873CD213770F30085168D /* Build configuration list for PBXProject "FoodPin" */;
			compatibilityVersion = "Xcode 9.3";
			developmentRegion = en;
			hasScannedForEncodings = 0;
			knownRegions = (
				en,
				Base,
			);
			mainGroup = 84B873C9213770F30085168D;
			productRefGroup = 84B873D3213770F30085168D /* Products */;
			projectDirPath = "";
			projectRoot = "";
			targets = (
				84B873D1213770F30085168D /* FoodPin */,
				84B873E5213770F50085168D /* FoodPinTests */,
				84B873F0213770F50085168D /* FoodPinUITests */,
			);
		};
/* End PBXProject section */

/* Begin PBXResourcesBuildPhase section */
		84B873D0213770F30085168D /* Resources */ = {
			isa = PBXResourcesBuildPhase;
			buildActionMask = 2147483647;
			files = (
				84B873E0213770F50085168D /* LaunchScreen.storyboard in Resources */,
				84B873DD213770F50085168D /* Assets.xcassets in Resources */,
				84B873DB213770F30085168D /* Main.storyboard in Resources */,
			);
			runOnlyForDeploymentPostprocessing = 0;
		};
		84B873E4213770F50085168D /* Resources */ = {
			isa = PBXResourcesBuildPhase;
			buildActionMask = 2147483647;
			files = (
			);
			runOnlyForDeploymentPostprocessing = 0;
		};
		84B873EF213770F50085168D /* Resources */ = {
			isa = PBXResourcesBuildPhase;
			buildActionMask = 2147483647;
			files = (
			);
			runOnlyForDeploymentPostprocessing = 0;
		};
/* End PBXResourcesBuildPhase section */

/* Begin PBXSourcesBuildPhase section */
		84B873CE213770F30085168D /* Sources */ = {
			isa = PBXSourcesBuildPhase;
			buildActionMask = 2147483647;
			files = (
				848193F62145AE22006CD23D /* Restaurant.swift in Sources */,
				848193F82145AF2B006CD23D /* RestaurantFactory.swift in Sources */,
				84B87404213772340085168D /* RestaurantTableViewController.swift in Sources */,
				84B87406213783D60085168D /* RestaurantTableViewCell.swift in Sources */,
				848193F4213DAD1C006CD23D /* RestaurantDetailViewController.swift in Sources */,
				84B873D6213770F30085168D /* AppDelegate.swift in Sources */,
			);
			runOnlyForDeploymentPostprocessing = 0;
		};
		84B873E2213770F50085168D /* Sources */ = {
			isa = PBXSourcesBuildPhase;
			buildActionMask = 2147483647;
			files = (
				84B873EB213770F50085168D /* FoodPinTests.swift in Sources */,
			);
			runOnlyForDeploymentPostprocessing = 0;
		};
		84B873ED213770F50085168D /* Sources */ = {
			isa = PBXSourcesBuildPhase;
			buildActionMask = 2147483647;
			files = (
				84B873F6213770F50085168D /* FoodPinUITests.swift in Sources */,
			);
			runOnlyForDeploymentPostprocessing = 0;
		};
/* End PBXSourcesBuildPhase section */

/* Begin PBXTargetDependency section */
		84B873E8213770F50085168D /* PBXTargetDependency */ = {
			isa = PBXTargetDependency;
			target = 84B873D1213770F30085168D /* FoodPin */;
			targetProxy = 84B873E7213770F50085168D /* PBXContainerItemProxy */;
		};
		84B873F3213770F50085168D /* PBXTargetDependency */ = {
			isa = PBXTargetDependency;
			target = 84B873D1213770F30085168D /* FoodPin */;
			targetProxy = 84B873F2213770F50085168D /* PBXContainerItemProxy */;
		};
/* End PBXTargetDependency section */

/* Begin PBXVariantGroup section */
		84B873D9213770F30085168D /* Main.storyboard */ = {
			isa = PBXVariantGroup;
			children = (
				84B873DA213770F30085168D /* Base */,
			);
			name = Main.storyboard;
			sourceTree = "<group>";
		};
		84B873DE213770F50085168D /* LaunchScreen.storyboard */ = {
			isa = PBXVariantGroup;
			children = (
				84B873DF213770F50085168D /* Base */,
			);
			name = LaunchScreen.storyboard;
			sourceTree = "<group>";
		};
/* End PBXVariantGroup section */

/* Begin XCBuildConfiguration section */
		84B873F8213770F50085168D /* Debug */ = {
			isa = XCBuildConfiguration;
			buildSettings = {
				ALWAYS_SEARCH_USER_PATHS = NO;
				CLANG_ANALYZER_NONNULL = YES;
				CLANG_ANALYZER_NUMBER_OBJECT_CONVERSION = YES_AGGRESSIVE;
				CLANG_CXX_LANGUAGE_STANDARD = "gnu++14";
				CLANG_CXX_LIBRARY = "libc++";
				CLANG_ENABLE_MODULES = YES;
				CLANG_ENABLE_OBJC_ARC = YES;
				CLANG_ENABLE_OBJC_WEAK = YES;
				CLANG_WARN_BLOCK_CAPTURE_AUTORELEASING = YES;
				CLANG_WARN_BOOL_CONVERSION = YES;
				CLANG_WARN_COMMA = YES;
				CLANG_WARN_CONSTANT_CONVERSION = YES;
				CLANG_WARN_DEPRECATED_OBJC_IMPLEMENTATIONS = YES;
				CLANG_WARN_DIRECT_OBJC_ISA_USAGE = YES_ERROR;
				CLANG_WARN_DOCUMENTATION_COMMENTS = YES;
				CLANG_WARN_EMPTY_BODY = YES;
				CLANG_WARN_ENUM_CONVERSION = YES;
				CLANG_WARN_INFINITE_RECURSION = YES;
				CLANG_WARN_INT_CONVERSION = YES;
				CLANG_WARN_NON_LITERAL_NULL_CONVERSION = YES;
				CLANG_WARN_OBJC_IMPLICIT_RETAIN_SELF = YES;
				CLANG_WARN_OBJC_LITERAL_CONVERSION = YES;
				CLANG_WARN_OBJC_ROOT_CLASS = YES_ERROR;
				CLANG_WARN_RANGE_LOOP_ANALYSIS = YES;
				CLANG_WARN_STRICT_PROTOTYPES = YES;
				CLANG_WARN_SUSPICIOUS_MOVE = YES;
				CLANG_WARN_UNGUARDED_AVAILABILITY = YES_AGGRESSIVE;
				CLANG_WARN_UNREACHABLE_CODE = YES;
				CLANG_WARN__DUPLICATE_METHOD_MATCH = YES;
				CODE_SIGN_IDENTITY = "iPhone Developer";
				COPY_PHASE_STRIP = NO;
				DEBUG_INFORMATION_FORMAT = dwarf;
				ENABLE_STRICT_OBJC_MSGSEND = YES;
				ENABLE_TESTABILITY = YES;
				GCC_C_LANGUAGE_STANDARD = gnu11;
				GCC_DYNAMIC_NO_PIC = NO;
				GCC_NO_COMMON_BLOCKS = YES;
				GCC_OPTIMIZATION_LEVEL = 0;
				GCC_PREPROCESSOR_DEFINITIONS = (
					"DEBUG=1",
					"$(inherited)",
				);
				GCC_WARN_64_TO_32_BIT_CONVERSION = YES;
				GCC_WARN_ABOUT_RETURN_TYPE = YES_ERROR;
				GCC_WARN_UNDECLARED_SELECTOR = YES;
				GCC_WARN_UNINITIALIZED_AUTOS = YES_AGGRESSIVE;
				GCC_WARN_UNUSED_FUNCTION = YES;
				GCC_WARN_UNUSED_VARIABLE = YES;
				IPHONEOS_DEPLOYMENT_TARGET = 11.4;
				MTL_ENABLE_DEBUG_INFO = YES;
				ONLY_ACTIVE_ARCH = YES;
				SDKROOT = iphoneos;
				SWIFT_ACTIVE_COMPILATION_CONDITIONS = DEBUG;
				SWIFT_OPTIMIZATION_LEVEL = "-Onone";
			};
			name = Debug;
		};
		84B873F9213770F50085168D /* Release */ = {
			isa = XCBuildConfiguration;
			buildSettings = {
				ALWAYS_SEARCH_USER_PATHS = NO;
				CLANG_ANALYZER_NONNULL = YES;
				CLANG_ANALYZER_NUMBER_OBJECT_CONVERSION = YES_AGGRESSIVE;
				CLANG_CXX_LANGUAGE_STANDARD = "gnu++14";
				CLANG_CXX_LIBRARY = "libc++";
				CLANG_ENABLE_MODULES = YES;
				CLANG_ENABLE_OBJC_ARC = YES;
				CLANG_ENABLE_OBJC_WEAK = YES;
				CLANG_WARN_BLOCK_CAPTURE_AUTORELEASING = YES;
				CLANG_WARN_BOOL_CONVERSION = YES;
				CLANG_WARN_COMMA = YES;
				CLANG_WARN_CONSTANT_CONVERSION = YES;
				CLANG_WARN_DEPRECATED_OBJC_IMPLEMENTATIONS = YES;
				CLANG_WARN_DIRECT_OBJC_ISA_USAGE = YES_ERROR;
				CLANG_WARN_DOCUMENTATION_COMMENTS = YES;
				CLANG_WARN_EMPTY_BODY = YES;
				CLANG_WARN_ENUM_CONVERSION = YES;
				CLANG_WARN_INFINITE_RECURSION = YES;
				CLANG_WARN_INT_CONVERSION = YES;
				CLANG_WARN_NON_LITERAL_NULL_CONVERSION = YES;
				CLANG_WARN_OBJC_IMPLICIT_RETAIN_SELF = YES;
				CLANG_WARN_OBJC_LITERAL_CONVERSION = YES;
				CLANG_WARN_OBJC_ROOT_CLASS = YES_ERROR;
				CLANG_WARN_RANGE_LOOP_ANALYSIS = YES;
				CLANG_WARN_STRICT_PROTOTYPES = YES;
				CLANG_WARN_SUSPICIOUS_MOVE = YES;
				CLANG_WARN_UNGUARDED_AVAILABILITY = YES_AGGRESSIVE;
				CLANG_WARN_UNREACHABLE_CODE = YES;
				CLANG_WARN__DUPLICATE_METHOD_MATCH = YES;
				CODE_SIGN_IDENTITY = "iPhone Developer";
				COPY_PHASE_STRIP = NO;
				DEBUG_INFORMATION_FORMAT = "dwarf-with-dsym";
				ENABLE_NS_ASSERTIONS = NO;
				ENABLE_STRICT_OBJC_MSGSEND = YES;
				GCC_C_LANGUAGE_STANDARD = gnu11;
				GCC_NO_COMMON_BLOCKS = YES;
				GCC_WARN_64_TO_32_BIT_CONVERSION = YES;
				GCC_WARN_ABOUT_RETURN_TYPE = YES_ERROR;
				GCC_WARN_UNDECLARED_SELECTOR = YES;
				GCC_WARN_UNINITIALIZED_AUTOS = YES_AGGRESSIVE;
				GCC_WARN_UNUSED_FUNCTION = YES;
				GCC_WARN_UNUSED_VARIABLE = YES;
				IPHONEOS_DEPLOYMENT_TARGET = 11.4;
				MTL_ENABLE_DEBUG_INFO = NO;
				SDKROOT = iphoneos;
				SWIFT_COMPILATION_MODE = wholemodule;
				SWIFT_OPTIMIZATION_LEVEL = "-O";
				VALIDATE_PRODUCT = YES;
			};
			name = Release;
		};
		84B873FB213770F50085168D /* Debug */ = {
			isa = XCBuildConfiguration;
			buildSettings = {
				ASSETCATALOG_COMPILER_APPICON_NAME = AppIcon;
				CODE_SIGN_STYLE = Automatic;
				DEVELOPMENT_TEAM = JVUVEVUFWD;
				INFOPLIST_FILE = FoodPin/Info.plist;
				LD_RUNPATH_SEARCH_PATHS = (
					"$(inherited)",
					"@executable_path/Frameworks",
				);
				PRODUCT_BUNDLE_IDENTIFIER = com.rc6886.FoodPin;
				PRODUCT_NAME = "$(TARGET_NAME)";
				SWIFT_VERSION = 4.0;
				TARGETED_DEVICE_FAMILY = "1,2";
			};
			name = Debug;
		};
		84B873FC213770F50085168D /* Release */ = {
			isa = XCBuildConfiguration;
			buildSettings = {
				ASSETCATALOG_COMPILER_APPICON_NAME = AppIcon;
				CODE_SIGN_STYLE = Automatic;
				DEVELOPMENT_TEAM = JVUVEVUFWD;
				INFOPLIST_FILE = FoodPin/Info.plist;
				LD_RUNPATH_SEARCH_PATHS = (
					"$(inherited)",
					"@executable_path/Frameworks",
				);
				PRODUCT_BUNDLE_IDENTIFIER = com.rc6886.FoodPin;
				PRODUCT_NAME = "$(TARGET_NAME)";
				SWIFT_VERSION = 4.0;
				TARGETED_DEVICE_FAMILY = "1,2";
			};
			name = Release;
		};
		84B873FE213770F50085168D /* Debug */ = {
			isa = XCBuildConfiguration;
			buildSettings = {
				ALWAYS_EMBED_SWIFT_STANDARD_LIBRARIES = YES;
				BUNDLE_LOADER = "$(TEST_HOST)";
				CODE_SIGN_STYLE = Automatic;
				DEVELOPMENT_TEAM = JVUVEVUFWD;
				INFOPLIST_FILE = FoodPinTests/Info.plist;
				LD_RUNPATH_SEARCH_PATHS = (
					"$(inherited)",
					"@executable_path/Frameworks",
					"@loader_path/Frameworks",
				);
				PRODUCT_BUNDLE_IDENTIFIER = com.rc6886.FoodPinTests;
				PRODUCT_NAME = "$(TARGET_NAME)";
				SWIFT_VERSION = 4.0;
				TARGETED_DEVICE_FAMILY = "1,2";
				TEST_HOST = "$(BUILT_PRODUCTS_DIR)/FoodPin.app/FoodPin";
			};
			name = Debug;
		};
		84B873FF213770F50085168D /* Release */ = {
			isa = XCBuildConfiguration;
			buildSettings = {
				ALWAYS_EMBED_SWIFT_STANDARD_LIBRARIES = YES;
				BUNDLE_LOADER = "$(TEST_HOST)";
				CODE_SIGN_STYLE = Automatic;
				DEVELOPMENT_TEAM = JVUVEVUFWD;
				INFOPLIST_FILE = FoodPinTests/Info.plist;
				LD_RUNPATH_SEARCH_PATHS = (
					"$(inherited)",
					"@executable_path/Frameworks",
					"@loader_path/Frameworks",
				);
				PRODUCT_BUNDLE_IDENTIFIER = com.rc6886.FoodPinTests;
				PRODUCT_NAME = "$(TARGET_NAME)";
				SWIFT_VERSION = 4.0;
				TARGETED_DEVICE_FAMILY = "1,2";
				TEST_HOST = "$(BUILT_PRODUCTS_DIR)/FoodPin.app/FoodPin";
			};
			name = Release;
		};
		84B87401213770F50085168D /* Debug */ = {
			isa = XCBuildConfiguration;
			buildSettings = {
				ALWAYS_EMBED_SWIFT_STANDARD_LIBRARIES = YES;
				CODE_SIGN_STYLE = Automatic;
				DEVELOPMENT_TEAM = JVUVEVUFWD;
				INFOPLIST_FILE = FoodPinUITests/Info.plist;
				LD_RUNPATH_SEARCH_PATHS = (
					"$(inherited)",
					"@executable_path/Frameworks",
					"@loader_path/Frameworks",
				);
				PRODUCT_BUNDLE_IDENTIFIER = com.rc6886.FoodPinUITests;
				PRODUCT_NAME = "$(TARGET_NAME)";
				SWIFT_VERSION = 4.0;
				TARGETED_DEVICE_FAMILY = "1,2";
				TEST_TARGET_NAME = FoodPin;
			};
			name = Debug;
		};
		84B87402213770F50085168D /* Release */ = {
			isa = XCBuildConfiguration;
			buildSettings = {
				ALWAYS_EMBED_SWIFT_STANDARD_LIBRARIES = YES;
				CODE_SIGN_STYLE = Automatic;
				DEVELOPMENT_TEAM = JVUVEVUFWD;
				INFOPLIST_FILE = FoodPinUITests/Info.plist;
				LD_RUNPATH_SEARCH_PATHS = (
					"$(inherited)",
					"@executable_path/Frameworks",
					"@loader_path/Frameworks",
				);
				PRODUCT_BUNDLE_IDENTIFIER = com.rc6886.FoodPinUITests;
				PRODUCT_NAME = "$(TARGET_NAME)";
				SWIFT_VERSION = 4.0;
				TARGETED_DEVICE_FAMILY = "1,2";
				TEST_TARGET_NAME = FoodPin;
			};
			name = Release;
		};
/* End XCBuildConfiguration section */

/* Begin XCConfigurationList section */
		84B873CD213770F30085168D /* Build configuration list for PBXProject "FoodPin" */ = {
			isa = XCConfigurationList;
			buildConfigurations = (
				84B873F8213770F50085168D /* Debug */,
				84B873F9213770F50085168D /* Release */,
			);
			defaultConfigurationIsVisible = 0;
			defaultConfigurationName = Release;
		};
		84B873FA213770F50085168D /* Build configuration list for PBXNativeTarget "FoodPin" */ = {
			isa = XCConfigurationList;
			buildConfigurations = (
				84B873FB213770F50085168D /* Debug */,
				84B873FC213770F50085168D /* Release */,
			);
			defaultConfigurationIsVisible = 0;
			defaultConfigurationName = Release;
		};
		84B873FD213770F50085168D /* Build configuration list for PBXNativeTarget "FoodPinTests" */ = {
			isa = XCConfigurationList;
			buildConfigurations = (
				84B873FE213770F50085168D /* Debug */,
				84B873FF213770F50085168D /* Release */,
			);
			defaultConfigurationIsVisible = 0;
			defaultConfigurationName = Release;
		};
		84B87400213770F50085168D /* Build configuration list for PBXNativeTarget "FoodPinUITests" */ = {
			isa = XCConfigurationList;
			buildConfigurations = (
				84B87401213770F50085168D /* Debug */,
				84B87402213770F50085168D /* Release */,
			);
			defaultConfigurationIsVisible = 0;
			defaultConfigurationName = Release;
		};
/* End XCConfigurationList section */
	};
	rootObject = 84B873CA213770F30085168D /* Project object */;
}
